
Microsoft Visual Studio Solution File, Format Version 12.00
# Visual Studio Version 17
VisualStudioVersion = 17.0.31903.59
MinimumVisualStudioVersion = 10.0.40219.1
Project("{9A19103F-16F7-4668-BE54-9A1E7A4F7556}") = "IdentityServer", "IdentityServer\IdentityServer.csproj", "{2D97FF07-D271-4D97-BC76-491ABD80D1A2}"
EndProject
Project("{9A19103F-16F7-4668-BE54-9A1E7A4F7556}") = "WebAPI", "WebAPI\WebAPI.csproj", "{B6272C72-9AF9-45F9-9012-69A00BB91F0C}"
EndProject
Project("{9A19103F-16F7-4668-BE54-9A1E7A4F7556}") = "ConsoleClient", "ConsoleClient\ConsoleClient.csproj", "{9A0481D3-EDA3-4510-9F0B-93336449749D}"
EndProject
Project("{9A19103F-16F7-4668-BE54-9A1E7A4F7556}") = "WebClient", "WebClient\WebClient.csproj", "{C4241FAD-E8DD-474B-999A-2E08ABBCA7DA}"
EndProject
Global
	GlobalSection(SolutionConfigurationPlatforms) = preSolution
		Debug|Any CPU = Debug|Any CPU
		Release|Any CPU = Release|Any CPU
	EndGlobalSection
	GlobalSection(ProjectConfigurationPlatforms) = postSolution
		{2D97FF07-D271-4D97-BC76-491ABD80D1A2}.Debug|Any CPU.ActiveCfg = Debug|Any CPU
		{2D97FF07-D271-4D97-BC76-491ABD80D1A2}.Debug|Any CPU.Build.0 = Debug|Any CPU
		{2D97FF07-D271-4D97-BC76-491ABD80D1A2}.Release|Any CPU.ActiveCfg = Release|Any CPU
		{2D97FF07-D271-4D97-BC76-491ABD80D1A2}.Release|Any CPU.Build.0 = Release|Any CPU
		{B6272C72-9AF9-45F9-9012-69A00BB91F0C}.Debug|Any CPU.ActiveCfg = Debug|Any CPU
		{B6272C72-9AF9-45F9-9012-69A00BB91F0C}.Debug|Any CPU.Build.0 = Debug|Any CPU
		{B6272C72-9AF9-45F9-9012-69A00BB91F0C}.Release|Any CPU.ActiveCfg = Release|Any CPU
		{B6272C72-9AF9-45F9-9012-69A00BB91F0C}.Release|Any CPU.Build.0 = Release|Any CPU
		{9A0481D3-EDA3-4510-9F0B-93336449749D}.Debug|Any CPU.ActiveCfg = Debug|Any CPU
		{9A0481D3-EDA3-4510-9F0B-93336449749D}.Debug|Any CPU.Build.0 = Debug|Any CPU
		{9A0481D3-EDA3-4510-9F0B-93336449749D}.Release|Any CPU.ActiveCfg = Release|Any CPU
		{9A0481D3-EDA3-4510-9F0B-93336449749D}.Release|Any CPU.Build.0 = Release|Any CPU
		{C4241FAD-E8DD-474B-999A-2E08ABBCA7DA}.Debug|Any CPU.ActiveCfg = Debug|Any CPU
		{C4241FAD-E8DD-474B-999A-2E08ABBCA7DA}.Debug|Any CPU.Build.0 = Debug|Any CPU
		{C4241FAD-E8DD-474B-999A-2E08ABBCA7DA}.Release|Any CPU.ActiveCfg = Release|Any CPU
		{C4241FAD-E8DD-474B-999A-2E08ABBCA7DA}.Release|Any CPU.Build.0 = Release|Any CPU
	EndGlobalSection
	GlobalSection(SolutionProperties) = preSolution
		HideSolutionNode = FALSE
	EndGlobalSection
	GlobalSection(ExtensibilityGlobals) = postSolution
		SolutionGuid = {56A3F1BC-1D00-4848-82F4-10FD1B221493}
	EndGlobalSection
EndGlobal
